// !$*UTF8*$!
{
	archiveVersion = 1;
	classes = {
	};
	objectVersion = 50;
	objects = {

/* Begin PBXBuildFile section */
		BA29EEC2266BA9D00076F3F2 /* TaxYenModel.swift in Sources */ = {isa = PBXBuildFile; fileRef = BA29EEC1266BA9D00076F3F2 /* TaxYenModel.swift */; };
		BA29EEC4266BAA6F0076F3F2 /* TaxView.swift in Sources */ = {isa = PBXBuildFile; fileRef = BA29EEC3266BAA6F0076F3F2 /* TaxView.swift */; };
		BAD0CB9D26682A1100984CF6 /* AppDelegate.swift in Sources */ = {isa = PBXBuildFile; fileRef = BAD0CB9C26682A1100984CF6 /* AppDelegate.swift */; };
		BAD0CB9F26682A1100984CF6 /* SceneDelegate.swift in Sources */ = {isa = PBXBuildFile; fileRef = BAD0CB9E26682A1100984CF6 /* SceneDelegate.swift */; };
		BAD0CBA126682A1100984CF6 /* ViewController.swift in Sources */ = {isa = PBXBuildFile; fileRef = BAD0CBA026682A1100984CF6 /* ViewController.swift */; };
		BAD0CBA626682A1800984CF6 /* Assets.xcassets in Resources */ = {isa = PBXBuildFile; fileRef = BAD0CBA526682A1800984CF6 /* Assets.xcassets */; };
		BAD0CBA926682A1800984CF6 /* LaunchScreen.storyboard in Resources */ = {isa = PBXBuildFile; fileRef = BAD0CBA726682A1800984CF6 /* LaunchScreen.storyboard */; };
		BAD0CBB426682B1600984CF6 /* Only.storyboard in Resources */ = {isa = PBXBuildFile; fileRef = BAD0CBB326682B1600984CF6 /* Only.storyboard */; };
/* End PBXBuildFile section */

/* Begin PBXFileReference section */
		BA29EEC1266BA9D00076F3F2 /* TaxYenModel.swift */ = {isa = PBXFileReference; lastKnownFileType = sourcecode.swift; path = TaxYenModel.swift; sourceTree = "<group>"; };
		BA29EEC3266BAA6F0076F3F2 /* TaxView.swift */ = {isa = PBXFileReference; lastKnownFileType = sourcecode.swift; path = TaxView.swift; sourceTree = "<group>"; };
		BAD0CB9926682A1100984CF6 /* subject_12.app */ = {isa = PBXFileReference; explicitFileType = wrapper.application; includeInIndex = 0; path = subject_12.app; sourceTree = BUILT_PRODUCTS_DIR; };
		BAD0CB9C26682A1100984CF6 /* AppDelegate.swift */ = {isa = PBXFileReference; lastKnownFileType = sourcecode.swift; path = AppDelegate.swift; sourceTree = "<group>"; };
		BAD0CB9E26682A1100984CF6 /* SceneDelegate.swift */ = {isa = PBXFileReference; lastKnownFileType = sourcecode.swift; path = SceneDelegate.swift; sourceTree = "<group>"; };
		BAD0CBA026682A1100984CF6 /* ViewController.swift */ = {isa = PBXFileReference; lastKnownFileType = sourcecode.swift; path = ViewController.swift; sourceTree = "<group>"; };
		BAD0CBA526682A1800984CF6 /* Assets.xcassets */ = {isa = PBXFileReference; lastKnownFileType = folder.assetcatalog; path = Assets.xcassets; sourceTree = "<group>"; };
		BAD0CBA826682A1800984CF6 /* Base */ = {isa = PBXFileReference; lastKnownFileType = file.storyboard; name = Base; path = Base.lproj/LaunchScreen.storyboard; sourceTree = "<group>"; };
		BAD0CBAA26682A1800984CF6 /* Info.plist */ = {isa = PBXFileReference; lastKnownFileType = text.plist.xml; path = Info.plist; sourceTree = "<group>"; };
		BAD0CBB326682B1600984CF6 /* Only.storyboard */ = {isa = PBXFileReference; lastKnownFileType = file.storyboard; path = Only.storyboard; sourceTree = "<group>"; };
/* End PBXFileReference section */

/* Begin PBXFrameworksBuildPhase section */
		BAD0CB9626682A1100984CF6 /* Frameworks */ = {
			isa = PBXFrameworksBuildPhase;
			buildActionMask = 2147483647;
			files = (
			);
			runOnlyForDeploymentPostprocessing = 0;
		};
/* End PBXFrameworksBuildPhase section */

/* Begin PBXGroup section */
		BA29EEC0266BA9B50076F3F2 /* Model */ = {
			isa = PBXGroup;
			children = (
				BA29EEC1266BA9D00076F3F2 /* TaxYenModel.swift */,
			);
			path = Model;
			sourceTree = "<group>";
		};
		BAD0CB9026682A1100984CF6 = {
			isa = PBXGroup;
			children = (
				BAD0CB9B26682A1100984CF6 /* subject_12 */,
				BAD0CB9A26682A1100984CF6 /* Products */,
			);
			sourceTree = "<group>";
		};
		BAD0CB9A26682A1100984CF6 /* Products */ = {
			isa = PBXGroup;
			children = (
				BAD0CB9926682A1100984CF6 /* subject_12.app */,
			);
			name = Products;
			sourceTree = "<group>";
		};
		BAD0CB9B26682A1100984CF6 /* subject_12 */ = {
			isa = PBXGroup;
			children = (
				BAD0CBB126682A8700984CF6 /* View */,
				BAD0CBB026682A7A00984CF6 /* Controller */,
				BAD0CBB326682B1600984CF6 /* Only.storyboard */,
				BAD0CB9C26682A1100984CF6 /* AppDelegate.swift */,
				BAD0CB9E26682A1100984CF6 /* SceneDelegate.swift */,
				BAD0CBA726682A1800984CF6 /* LaunchScreen.storyboard */,
				BAD0CBAA26682A1800984CF6 /* Info.plist */,
			);
			path = subject_12;
			sourceTree = "<group>";
		};
		BAD0CBB026682A7A00984CF6 /* Controller */ = {
			isa = PBXGroup;
			children = (
				BAD0CBA026682A1100984CF6 /* ViewController.swift */,
			);
			path = Controller;
			sourceTree = "<group>";
		};
		BAD0CBB126682A8700984CF6 /* View */ = {
			isa = PBXGroup;
			children = (
				BAD0CBA526682A1800984CF6 /* Assets.xcassets */,
				BA29EEC3266BAA6F0076F3F2 /* TaxView.swift */,
			);
			path = View;
			sourceTree = "<group>";
		};
/* End PBXGroup section */

/* Begin PBXNativeTarget section */
		BAD0CB9826682A1100984CF6 /* subject_12 */ = {
			isa = PBXNativeTarget;
			buildConfigurationList = BAD0CBAD26682A1800984CF6 /* Build configuration list for PBXNativeTarget "subject_12" */;
			buildPhases = (
				BAD0CB9526682A1100984CF6 /* Sources */,
				BAD0CB9626682A1100984CF6 /* Frameworks */,
				BAD0CB9726682A1100984CF6 /* Resources */,
			);
			buildRules = (
			);
			dependencies = (
			);
			name = subject_12;
			productName = subject_12;
			productReference = BAD0CB9926682A1100984CF6 /* subject_12.app */;
			productType = "com.apple.product-type.application";
		};
/* End PBXNativeTarget section */

/* Begin PBXProject section */
		BAD0CB9126682A1100984CF6 /* Project object */ = {
			isa = PBXProject;
			attributes = {
				LastSwiftUpdateCheck = 1250;
				LastUpgradeCheck = 1250;
				TargetAttributes = {
					BAD0CB9826682A1100984CF6 = {
						CreatedOnToolsVersion = 12.5;
					};
				};
			};
			buildConfigurationList = BAD0CB9426682A1100984CF6 /* Build configuration list for PBXProject "subject_12" */;
			compatibilityVersion = "Xcode 9.3";
			developmentRegion = en;
			hasScannedForEncodings = 0;
			knownRegions = (
				en,
				Base,
			);
			mainGroup = BAD0CB9026682A1100984CF6;
			productRefGroup = BAD0CB9A26682A1100984CF6 /* Products */;
			projectDirPath = "";
			projectRoot = "";
			targets = (
				BAD0CB9826682A1100984CF6 /* subject_12 */,
			);
		};
/* End PBXProject section */

/* Begin PBXResourcesBuildPhase section */
		BAD0CB9726682A1100984CF6 /* Resources */ = {
			isa = PBXResourcesBuildPhase;
			buildActionMask = 2147483647;
			files = (
				BAD0CBA926682A1800984CF6 /* LaunchScreen.storyboard in Resources */,
				BAD0CBB426682B1600984CF6 /* Only.storyboard in Resources */,
				BAD0CBA626682A1800984CF6 /* Assets.xcassets in Resources */,
			);
			runOnlyForDeploymentPostprocessing = 0;
		};
/* End PBXResourcesBuildPhase section */

/* Begin PBXSourcesBuildPhase section */
		BAD0CB9526682A1100984CF6 /* Sources */ = {
			isa = PBXSourcesBuildPhase;
			buildActionMask = 2147483647;
			files = (
				BA29EEC4266BAA6F0076F3F2 /* TaxView.swift in Sources */,
				BAD0CBA126682A1100984CF6 /* ViewController.swift in Sources */,
				BAD0CB9D26682A1100984CF6 /* AppDelegate.swift in Sources */,
				BA29EEC2266BA9D00076F3F2 /* TaxYenModel.swift in Sources */,
				BAD0CB9F26682A1100984CF6 /* SceneDelegate.swift in Sources */,
			);
			runOnlyForDeploymentPostprocessing = 0;
		};
/* End PBXSourcesBuildPhase section */

/* Begin PBXVariantGroup section */
		BAD0CBA726682A1800984CF6 /* LaunchScreen.storyboard */ = {
			isa = PBXVariantGroup;
			children = (
				BAD0CBA826682A1800984CF6 /* Base */,
			);
			name = LaunchScreen.storyboard;
			sourceTree = "<group>";
		};
/* End PBXVariantGroup section */

/* Begin XCBuildConfiguration section */
		BAD0CBAB26682A1800984CF6 /* Debug */ = {
			isa = XCBuildConfiguration;
			buildSettings = {
				ALWAYS_SEARCH_USER_PATHS = NO;
				CLANG_ANALYZER_NONNULL = YES;
				CLANG_ANALYZER_NUMBER_OBJECT_CONVERSION = YES_AGGRESSIVE;
				CLANG_CXX_LANGUAGE_STANDARD = "gnu++14";
				CLANG_CXX_LIBRARY = "libc++";
				CLANG_ENABLE_MODULES = YES;
				CLANG_ENABLE_OBJC_ARC = YES;
				CLANG_ENABLE_OBJC_WEAK = YES;
				CLANG_WARN_BLOCK_CAPTURE_AUTORELEASING = YES;
				CLANG_WARN_BOOL_CONVERSION = YES;
				CLANG_WARN_COMMA = YES;
				CLANG_WARN_CONSTANT_CONVERSION = YES;
				CLANG_WARN_DEPRECATED_OBJC_IMPLEMENTATIONS = YES;
				CLANG_WARN_DIRECT_OBJC_ISA_USAGE = YES_ERROR;
				CLANG_WARN_DOCUMENTATION_COMMENTS = YES;
				CLANG_WARN_EMPTY_BODY = YES;
				CLANG_WARN_ENUM_CONVERSION = YES;
				CLANG_WARN_INFINITE_RECURSION = YES;
				CLANG_WARN_INT_CONVERSION = YES;
				CLANG_WARN_NON_LITERAL_NULL_CONVERSION = YES;
				CLANG_WARN_OBJC_IMPLICIT_RETAIN_SELF = YES;
				CLANG_WARN_OBJC_LITERAL_CONVERSION = YES;
				CLANG_WARN_OBJC_ROOT_CLASS = YES_ERROR;
				CLANG_WARN_QUOTED_INCLUDE_IN_FRAMEWORK_HEADER = YES;
				CLANG_WARN_RANGE_LOOP_ANALYSIS = YES;
				CLANG_WARN_STRICT_PROTOTYPES = YES;
				CLANG_WARN_SUSPICIOUS_MOVE = YES;
				CLANG_WARN_UNGUARDED_AVAILABILITY = YES_AGGRESSIVE;
				CLANG_WARN_UNREACHABLE_CODE = YES;
				CLANG_WARN__DUPLICATE_METHOD_MATCH = YES;
				COPY_PHASE_STRIP = NO;
				DEBUG_INFORMATION_FORMAT = dwarf;
				ENABLE_STRICT_OBJC_MSGSEND = YES;
				ENABLE_TESTABILITY = YES;
				GCC_C_LANGUAGE_STANDARD = gnu11;
				GCC_DYNAMIC_NO_PIC = NO;
				GCC_NO_COMMON_BLOCKS = YES;
				GCC_OPTIMIZATION_LEVEL = 0;
				GCC_PREPROCESSOR_DEFINITIONS = (
					"DEBUG=1",
					"$(inherited)",
				);
				GCC_WARN_64_TO_32_BIT_CONVERSION = YES;
				GCC_WARN_ABOUT_RETURN_TYPE = YES_ERROR;
				GCC_WARN_UNDECLARED_SELECTOR = YES;
				GCC_WARN_UNINITIALIZED_AUTOS = YES_AGGRESSIVE;
				GCC_WARN_UNUSED_FUNCTION = YES;
				GCC_WARN_UNUSED_VARIABLE = YES;
				IPHONEOS_DEPLOYMENT_TARGET = 14.5;
				MTL_ENABLE_DEBUG_INFO = INCLUDE_SOURCE;
				MTL_FAST_MATH = YES;
				ONLY_ACTIVE_ARCH = YES;
				SDKROOT = iphoneos;
				SWIFT_ACTIVE_COMPILATION_CONDITIONS = DEBUG;
				SWIFT_OPTIMIZATION_LEVEL = "-Onone";
			};
			name = Debug;
		};
		BAD0CBAC26682A1800984CF6 /* Release */ = {
			isa = XCBuildConfiguration;
			buildSettings = {
				ALWAYS_SEARCH_USER_PATHS = NO;
				CLANG_ANALYZER_NONNULL = YES;
				CLANG_ANALYZER_NUMBER_OBJECT_CONVERSION = YES_AGGRESSIVE;
				CLANG_CXX_LANGUAGE_STANDARD = "gnu++14";
				CLANG_CXX_LIBRARY = "libc++";
				CLANG_ENABLE_MODULES = YES;
				CLANG_ENABLE_OBJC_ARC = YES;
				CLANG_ENABLE_OBJC_WEAK = YES;
				CLANG_WARN_BLOCK_CAPTURE_AUTORELEASING = YES;
				CLANG_WARN_BOOL_CONVERSION = YES;
				CLANG_WARN_COMMA = YES;
				CLANG_WARN_CONSTANT_CONVERSION = YES;
				CLANG_WARN_DEPRECATED_OBJC_IMPLEMENTATIONS = YES;
				CLANG_WARN_DIRECT_OBJC_ISA_USAGE = YES_ERROR;
				CLANG_WARN_DOCUMENTATION_COMMENTS = YES;
				CLANG_WARN_EMPTY_BODY = YES;
				CLANG_WARN_ENUM_CONVERSION = YES;
				CLANG_WARN_INFINITE_RECURSION = YES;
				CLANG_WARN_INT_CONVERSION = YES;
				CLANG_WARN_NON_LITERAL_NULL_CONVERSION = YES;
				CLANG_WARN_OBJC_IMPLICIT_RETAIN_SELF = YES;
				CLANG_WARN_OBJC_LITERAL_CONVERSION = YES;
				CLANG_WARN_OBJC_ROOT_CLASS = YES_ERROR;
				CLANG_WARN_QUOTED_INCLUDE_IN_FRAMEWORK_HEADER = YES;
				CLANG_WARN_RANGE_LOOP_ANALYSIS = YES;
				CLANG_WARN_STRICT_PROTOTYPES = YES;
				CLANG_WARN_SUSPICIOUS_MOVE = YES;
				CLANG_WARN_UNGUARDED_AVAILABILITY = YES_AGGRESSIVE;
				CLANG_WARN_UNREACHABLE_CODE = YES;
				CLANG_WARN__DUPLICATE_METHOD_MATCH = YES;
				COPY_PHASE_STRIP = NO;
				DEBUG_INFORMATION_FORMAT = "dwarf-with-dsym";
				ENABLE_NS_ASSERTIONS = NO;
				ENABLE_STRICT_OBJC_MSGSEND = YES;
				GCC_C_LANGUAGE_STANDARD = gnu11;
				GCC_NO_COMMON_BLOCKS = YES;
				GCC_WARN_64_TO_32_BIT_CONVERSION = YES;
				GCC_WARN_ABOUT_RETURN_TYPE = YES_ERROR;
				GCC_WARN_UNDECLARED_SELECTOR = YES;
				GCC_WARN_UNINITIALIZED_AUTOS = YES_AGGRESSIVE;
				GCC_WARN_UNUSED_FUNCTION = YES;
				GCC_WARN_UNUSED_VARIABLE = YES;
				IPHONEOS_DEPLOYMENT_TARGET = 14.5;
				MTL_ENABLE_DEBUG_INFO = NO;
				MTL_FAST_MATH = YES;
				SDKROOT = iphoneos;
				SWIFT_COMPILATION_MODE = wholemodule;
				SWIFT_OPTIMIZATION_LEVEL = "-O";
				VALIDATE_PRODUCT = YES;
			};
			name = Release;
		};
		BAD0CBAE26682A1800984CF6 /* Debug */ = {
			isa = XCBuildConfiguration;
			buildSettings = {
				ASSETCATALOG_COMPILER_APPICON_NAME = AppIcon;
				ASSETCATALOG_COMPILER_GLOBAL_ACCENT_COLOR_NAME = AccentColor;
				CODE_SIGN_STYLE = Automatic;
				DEVELOPMENT_TEAM = T74T7UNB27;
				INFOPLIST_FILE = subject_12/Info.plist;
				IPHONEOS_DEPLOYMENT_TARGET = 13.0;
				LD_RUNPATH_SEARCH_PATHS = (
					"$(inherited)",
					"@executable_path/Frameworks",
				);
				PRODUCT_BUNDLE_IDENTIFIER = "ponta410422-icloud.com.subject-12";
				PRODUCT_NAME = "$(TARGET_NAME)";
				SWIFT_VERSION = 5.0;
				TARGETED_DEVICE_FAMILY = "1,2";
			};
			name = Debug;
		};
		BAD0CBAF26682A1800984CF6 /* Release */ = {
			isa = XCBuildConfiguration;
			buildSettings = {
				ASSETCATALOG_COMPILER_APPICON_NAME = AppIcon;
				ASSETCATALOG_COMPILER_GLOBAL_ACCENT_COLOR_NAME = AccentColor;
				CODE_SIGN_STYLE = Automatic;
				DEVELOPMENT_TEAM = T74T7UNB27;
				INFOPLIST_FILE = subject_12/Info.plist;
				IPHONEOS_DEPLOYMENT_TARGET = 13.0;
				LD_RUNPATH_SEARCH_PATHS = (
					"$(inherited)",
					"@executable_path/Frameworks",
				);
				PRODUCT_BUNDLE_IDENTIFIER = "ponta410422-icloud.com.subject-12";
				PRODUCT_NAME = "$(TARGET_NAME)";
				SWIFT_VERSION = 5.0;
				TARGETED_DEVICE_FAMILY = "1,2";
			};
			name = Release;
		};
/* End XCBuildConfiguration section */

/* Begin XCConfigurationList section */
		BAD0CB9426682A1100984CF6 /* Build configuration list for PBXProject "subject_12" */ = {
			isa = XCConfigurationList;
			buildConfigurations = (
				BAD0CBAB26682A1800984CF6 /* Debug */,
				BAD0CBAC26682A1800984CF6 /* Release */,
			);
			defaultConfigurationIsVisible = 0;
			defaultConfigurationName = Release;
		};
		BAD0CBAD26682A1800984CF6 /* Build configuration list for PBXNativeTarget "subject_12" */ = {
			isa = XCConfigurationList;
			buildConfigurations = (
				BAD0CBAE26682A1800984CF6 /* Debug */,
				BAD0CBAF26682A1800984CF6 /* Release */,
			);
			defaultConfigurationIsVisible = 0;
			defaultConfigurationName = Release;
		};
/* End XCConfigurationList section */
	};
	rootObject = BAD0CB9126682A1100984CF6 /* Project object */;
}
